
Microsoft Visual Studio Solution File, Format Version 12.00
# Visual Studio 15
VisualStudioVersion = 15.0.27004.2008
MinimumVisualStudioVersion = 10.0.40219.1
Project("{9A19103F-16F7-4668-BE54-9A1E7A4F7556}") = "AVFCoffeeWebApp", "AVFCoffeeWebApp\AVFCoffeeWebApp.csproj", "{A2DC1F53-0AAD-4A1A-955E-26BCBA409B98}"
EndProject
Project("{FAE04EC0-301F-11D3-BF4B-00C04F79EFBC}") = "CoffeeCore", "CoffeeCore\CoffeeCore.csproj", "{DBE9ADFB-7710-4910-9683-7200323124C6}"
EndProject
Project("{FAE04EC0-301F-11D3-BF4B-00C04F79EFBC}") = "CoffeeInfrastructure", "CoffeeInfrastructure\CoffeeInfrastructure.csproj", "{990DE0D4-9155-4B21-BC68-9F0C16544750}"
EndProject
Global
	GlobalSection(SolutionConfigurationPlatforms) = preSolution
		Debug|Any CPU = Debug|Any CPU
		Release|Any CPU = Release|Any CPU
	EndGlobalSection
	GlobalSection(ProjectConfigurationPlatforms) = postSolution
		{A2DC1F53-0AAD-4A1A-955E-26BCBA409B98}.Debug|Any CPU.ActiveCfg = Debug|Any CPU
		{A2DC1F53-0AAD-4A1A-955E-26BCBA409B98}.Debug|Any CPU.Build.0 = Debug|Any CPU
		{A2DC1F53-0AAD-4A1A-955E-26BCBA409B98}.Release|Any CPU.ActiveCfg = Release|Any CPU
		{A2DC1F53-0AAD-4A1A-955E-26BCBA409B98}.Release|Any CPU.Build.0 = Release|Any CPU
		{DBE9ADFB-7710-4910-9683-7200323124C6}.Debug|Any CPU.ActiveCfg = Debug|Any CPU
		{DBE9ADFB-7710-4910-9683-7200323124C6}.Debug|Any CPU.Build.0 = Debug|Any CPU
		{DBE9ADFB-7710-4910-9683-7200323124C6}.Release|Any CPU.ActiveCfg = Release|Any CPU
		{DBE9ADFB-7710-4910-9683-7200323124C6}.Release|Any CPU.Build.0 = Release|Any CPU
		{990DE0D4-9155-4B21-BC68-9F0C16544750}.Debug|Any CPU.ActiveCfg = Debug|Any CPU
		{990DE0D4-9155-4B21-BC68-9F0C16544750}.Debug|Any CPU.Build.0 = Debug|Any CPU
		{990DE0D4-9155-4B21-BC68-9F0C16544750}.Release|Any CPU.ActiveCfg = Release|Any CPU
		{990DE0D4-9155-4B21-BC68-9F0C16544750}.Release|Any CPU.Build.0 = Release|Any CPU
	EndGlobalSection
	GlobalSection(SolutionProperties) = preSolution
		HideSolutionNode = FALSE
	EndGlobalSection
	GlobalSection(ExtensibilityGlobals) = postSolution
		SolutionGuid = {2E536740-3947-4AA3-98D2-6399BF7F4CAD}
	EndGlobalSection
EndGlobal
